
Microsoft Visual Studio Solution File, Format Version 12.00
# Visual Studio Version 16
VisualStudioVersion = 16.0.30611.23
MinimumVisualStudioVersion = 10.0.40219.1
Project("{FAE04EC0-301F-11D3-BF4B-00C04F79EFBC}") = "GeekBrains.OOP.Lesson6.Task2", "GeekBrains.OOP.Lesson6.Task2.csproj", "{43C5988B-A055-4BA6-86EF-3DEAFF62D754}"
EndProject
Global
	GlobalSection(SolutionConfigurationPlatforms) = preSolution
		Debug|Any CPU = Debug|Any CPU
		Release|Any CPU = Release|Any CPU
	EndGlobalSection
	GlobalSection(ProjectConfigurationPlatforms) = postSolution
		{43C5988B-A055-4BA6-86EF-3DEAFF62D754}.Debug|Any CPU.ActiveCfg = Debug|Any CPU
		{43C5988B-A055-4BA6-86EF-3DEAFF62D754}.Debug|Any CPU.Build.0 = Debug|Any CPU
		{43C5988B-A055-4BA6-86EF-3DEAFF62D754}.Release|Any CPU.ActiveCfg = Release|Any CPU
		{43C5988B-A055-4BA6-86EF-3DEAFF62D754}.Release|Any CPU.Build.0 = Release|Any CPU
	EndGlobalSection
	GlobalSection(SolutionProperties) = preSolution
		HideSolutionNode = FALSE
	EndGlobalSection
	GlobalSection(ExtensibilityGlobals) = postSolution
		SolutionGuid = {DA6B48ED-4597-4680-8DAA-2E06B22D73CB}
	EndGlobalSection
EndGlobal
